lockfileVersion: '9.0'

settings:
  autoInstallPeers: true
  excludeLinksFromLockfile: false

overrides:
  rollup@>=4.0.0 <4.22.4: '>=4.22.4'

importers:

  .:
    dependencies:
      '@fontsource/roboto':
        specifier: ^5.1.0
        version: 5.1.0
      '@mdi/font':
        specifier: 7.4.47
        version: 7.4.47
      '@preact/signals':
        specifier: ^1.3.0
        version: 1.3.0(preact@10.24.2)
      '@schedule-x/calendar':
        specifier: ^2.4.0
        version: 2.4.0(@preact/signals@1.3.0(preact@10.24.2))(preact@10.24.2)
      '@schedule-x/calendar-controls':
        specifier: ^2.4.0
        version: 2.4.0
      '@schedule-x/current-time':
        specifier: ^2.4.0
        version: 2.4.0
      '@schedule-x/event-modal':
        specifier: ^2.4.0
        version: 2.4.0(@preact/signals@1.3.0(preact@10.24.2))(preact@10.24.2)
      '@schedule-x/events-service':
        specifier: ^2.4.0
        version: 2.4.0
      '@schedule-x/theme-default':
        specifier: ^2.4.0
        version: 2.4.0
      '@schedule-x/vue':
        specifier: ^2.3.0
        version: 2.3.0(@schedule-x/calendar@2.4.0(@preact/signals@1.3.0(preact@10.24.2))(preact@10.24.2))(@schedule-x/date-picker@2.4.0(@preact/signals@1.3.0(preact@10.24.2))(preact@10.24.2))(vue@3.5.11(typescript@5.6.2))
      '@tanstack/vue-query':
        specifier: ^5.59.1
        version: 5.59.1(vue@3.5.11(typescript@5.6.2))
      '@vueuse/core':
        specifier: ^11.1.0
        version: 11.1.0(vue@3.5.11(typescript@5.6.2))
      pinia:
        specifier: ^2.2.4
        version: 2.2.4(typescript@5.6.2)(vue@3.5.11(typescript@5.6.2))
      preact:
        specifier: ^10.24.2
        version: 10.24.2
      vue:
        specifier: ^3.5.11
        version: 3.5.11(typescript@5.6.2)
      vue-router:
        specifier: ^4.4.5
        version: 4.4.5(vue@3.5.11(typescript@5.6.2))
      vue3-toastify:
        specifier: ^0.2.3
        version: 0.2.3(vue@3.5.11(typescript@5.6.2))
      vuetify:
        specifier: ^3.7.2
        version: 3.7.2(typescript@5.6.2)(vite-plugin-vuetify@2.0.4)(vue@3.5.11(typescript@5.6.2))
    devDependencies:
      '@types/node':
        specifier: ^22.7.4
        version: 22.7.4
      '@vitejs/plugin-vue':
        specifier: ^5.1.4
        version: 5.1.4(vite@5.4.8(@types/node@22.7.4)(sass@1.79.4))(vue@3.5.11(typescript@5.6.2))
      sass:
        specifier: ^1.79.4
        version: 1.79.4
      typescript:
        specifier: ^5.6.2
        version: 5.6.2
      vite:
        specifier: ^5.4.8
        version: 5.4.8(@types/node@22.7.4)(sass@1.79.4)
      vite-plugin-vuetify:
        specifier: ^2.0.4
        version: 2.0.4(vite@5.4.8(@types/node@22.7.4)(sass@1.79.4))(vue@3.5.11(typescript@5.6.2))(vuetify@3.7.2)
      vue-tsc:
        specifier: ^2.1.6
        version: 2.1.6(typescript@5.6.2)

packages:

  '@babel/helper-string-parser@7.24.8':
    resolution: {integrity: sha512-pO9KhhRcuUyGnJWwyEgnRJTSIZHiT+vMD0kPeD+so0l7mxkMT19g3pjY9GTnHySck/hDzq+dtW/4VgnMkippsQ==}
    engines: {node: '>=6.9.0'}

  '@babel/helper-validator-identifier@7.24.7':
    resolution: {integrity: sha512-rR+PBcQ1SMQDDyF6X0wxtG8QyLCgUB0eRAGguqRLfkCA87l7yAP7ehq8SNj96OOGTO8OBV70KhuFYcIkHXOg0w==}
    engines: {node: '>=6.9.0'}

  '@babel/parser@7.25.6':
    resolution: {integrity: sha512-trGdfBdbD0l1ZPmcJ83eNxB9rbEax4ALFTF7fN386TMYbeCQbyme5cOEXQhbGXKebwGaB/J52w1mrklMcbgy6Q==}
    engines: {node: '>=6.0.0'}
    hasBin: true

  '@babel/types@7.25.6':
    resolution: {integrity: sha512-/l42B1qxpG6RdfYf343Uw1vmDjeNhneUXtzhojE7pDgfpEypmRhI6j1kr17XCVv4Cgl9HdAiQY2x0GwKm7rWCw==}
    engines: {node: '>=6.9.0'}

  '@esbuild/aix-ppc64@0.21.5':
    resolution: {integrity: sha512-1SDgH6ZSPTlggy1yI6+Dbkiz8xzpHJEVAlF/AM1tHPLsf5STom9rwtjE4hKAF20FfXXNTFqEYXyJNWh1GiZedQ==}
    engines: {node: '>=12'}
    cpu: [ppc64]
    os: [aix]

  '@esbuild/android-arm64@0.21.5':
    resolution: {integrity: sha512-c0uX9VAUBQ7dTDCjq+wdyGLowMdtR/GoC2U5IYk/7D1H1JYC0qseD7+11iMP2mRLN9RcCMRcjC4YMclCzGwS/A==}
    engines: {node: '>=12'}
    cpu: [arm64]
    os: [android]

  '@esbuild/android-arm@0.21.5':
    resolution: {integrity: sha512-vCPvzSjpPHEi1siZdlvAlsPxXl7WbOVUBBAowWug4rJHb68Ox8KualB+1ocNvT5fjv6wpkX6o/iEpbDrf68zcg==}
    engines: {node: '>=12'}
    cpu: [arm]
    os: [android]

  '@esbuild/android-x64@0.21.5':
    resolution: {integrity: sha512-D7aPRUUNHRBwHxzxRvp856rjUHRFW1SdQATKXH2hqA0kAZb1hKmi02OpYRacl0TxIGz/ZmXWlbZgjwWYaCakTA==}
    engines: {node: '>=12'}
    cpu: [x64]
    os: [android]

  '@esbuild/darwin-arm64@0.21.5':
    resolution: {integrity: sha512-DwqXqZyuk5AiWWf3UfLiRDJ5EDd49zg6O9wclZ7kUMv2WRFr4HKjXp/5t8JZ11QbQfUS6/cRCKGwYhtNAY88kQ==}
    engines: {node: '>=12'}
    cpu: [arm64]
    os: [darwin]

  '@esbuild/darwin-x64@0.21.5':
    resolution: {integrity: sha512-se/JjF8NlmKVG4kNIuyWMV/22ZaerB+qaSi5MdrXtd6R08kvs2qCN4C09miupktDitvh8jRFflwGFBQcxZRjbw==}
    engines: {node: '>=12'}
    cpu: [x64]
    os: [darwin]

  '@esbuild/freebsd-arm64@0.21.5':
    resolution: {integrity: sha512-5JcRxxRDUJLX8JXp/wcBCy3pENnCgBR9bN6JsY4OmhfUtIHe3ZW0mawA7+RDAcMLrMIZaf03NlQiX9DGyB8h4g==}
    engines: {node: '>=12'}
    cpu: [arm64]
    os: [freebsd]

  '@esbuild/freebsd-x64@0.21.5':
    resolution: {integrity: sha512-J95kNBj1zkbMXtHVH29bBriQygMXqoVQOQYA+ISs0/2l3T9/kj42ow2mpqerRBxDJnmkUDCaQT/dfNXWX/ZZCQ==}
    engines: {node: '>=12'}
    cpu: [x64]
    os: [freebsd]

  '@esbuild/linux-arm64@0.21.5':
    resolution: {integrity: sha512-ibKvmyYzKsBeX8d8I7MH/TMfWDXBF3db4qM6sy+7re0YXya+K1cem3on9XgdT2EQGMu4hQyZhan7TeQ8XkGp4Q==}
    engines: {node: '>=12'}
    cpu: [arm64]
    os: [linux]

  '@esbuild/linux-arm@0.21.5':
    resolution: {integrity: sha512-bPb5AHZtbeNGjCKVZ9UGqGwo8EUu4cLq68E95A53KlxAPRmUyYv2D6F0uUI65XisGOL1hBP5mTronbgo+0bFcA==}
    engines: {node: '>=12'}
    cpu: [arm]
    os: [linux]

  '@esbuild/linux-ia32@0.21.5':
    resolution: {integrity: sha512-YvjXDqLRqPDl2dvRODYmmhz4rPeVKYvppfGYKSNGdyZkA01046pLWyRKKI3ax8fbJoK5QbxblURkwK/MWY18Tg==}
    engines: {node: '>=12'}
    cpu: [ia32]
    os: [linux]

  '@esbuild/linux-loong64@0.21.5':
    resolution: {integrity: sha512-uHf1BmMG8qEvzdrzAqg2SIG/02+4/DHB6a9Kbya0XDvwDEKCoC8ZRWI5JJvNdUjtciBGFQ5PuBlpEOXQj+JQSg==}
    engines: {node: '>=12'}
    cpu: [loong64]
    os: [linux]

  '@esbuild/linux-mips64el@0.21.5':
    resolution: {integrity: sha512-IajOmO+KJK23bj52dFSNCMsz1QP1DqM6cwLUv3W1QwyxkyIWecfafnI555fvSGqEKwjMXVLokcV5ygHW5b3Jbg==}
    engines: {node: '>=12'}
    cpu: [mips64el]
    os: [linux]

  '@esbuild/linux-ppc64@0.21.5':
    resolution: {integrity: sha512-1hHV/Z4OEfMwpLO8rp7CvlhBDnjsC3CttJXIhBi+5Aj5r+MBvy4egg7wCbe//hSsT+RvDAG7s81tAvpL2XAE4w==}
    engines: {node: '>=12'}
    cpu: [ppc64]
    os: [linux]

  '@esbuild/linux-riscv64@0.21.5':
    resolution: {integrity: sha512-2HdXDMd9GMgTGrPWnJzP2ALSokE/0O5HhTUvWIbD3YdjME8JwvSCnNGBnTThKGEB91OZhzrJ4qIIxk/SBmyDDA==}
    engines: {node: '>=12'}
    cpu: [riscv64]
    os: [linux]

  '@esbuild/linux-s390x@0.21.5':
    resolution: {integrity: sha512-zus5sxzqBJD3eXxwvjN1yQkRepANgxE9lgOW2qLnmr8ikMTphkjgXu1HR01K4FJg8h1kEEDAqDcZQtbrRnB41A==}
    engines: {node: '>=12'}
    cpu: [s390x]
    os: [linux]

  '@esbuild/linux-x64@0.21.5':
    resolution: {integrity: sha512-1rYdTpyv03iycF1+BhzrzQJCdOuAOtaqHTWJZCWvijKD2N5Xu0TtVC8/+1faWqcP9iBCWOmjmhoH94dH82BxPQ==}
    engines: {node: '>=12'}
    cpu: [x64]
    os: [linux]

  '@esbuild/netbsd-x64@0.21.5':
    resolution: {integrity: sha512-Woi2MXzXjMULccIwMnLciyZH4nCIMpWQAs049KEeMvOcNADVxo0UBIQPfSmxB3CWKedngg7sWZdLvLczpe0tLg==}
    engines: {node: '>=12'}
    cpu: [x64]
    os: [netbsd]

  '@esbuild/openbsd-x64@0.21.5':
    resolution: {integrity: sha512-HLNNw99xsvx12lFBUwoT8EVCsSvRNDVxNpjZ7bPn947b8gJPzeHWyNVhFsaerc0n3TsbOINvRP2byTZ5LKezow==}
    engines: {node: '>=12'}
    cpu: [x64]
    os: [openbsd]

  '@esbuild/sunos-x64@0.21.5':
    resolution: {integrity: sha512-6+gjmFpfy0BHU5Tpptkuh8+uw3mnrvgs+dSPQXQOv3ekbordwnzTVEb4qnIvQcYXq6gzkyTnoZ9dZG+D4garKg==}
    engines: {node: '>=12'}
    cpu: [x64]
    os: [sunos]

  '@esbuild/win32-arm64@0.21.5':
    resolution: {integrity: sha512-Z0gOTd75VvXqyq7nsl93zwahcTROgqvuAcYDUr+vOv8uHhNSKROyU961kgtCD1e95IqPKSQKH7tBTslnS3tA8A==}
    engines: {node: '>=12'}
    cpu: [arm64]
    os: [win32]

  '@esbuild/win32-ia32@0.21.5':
    resolution: {integrity: sha512-SWXFF1CL2RVNMaVs+BBClwtfZSvDgtL//G/smwAc5oVK/UPu2Gu9tIaRgFmYFFKrmg3SyAjSrElf0TiJ1v8fYA==}
    engines: {node: '>=12'}
    cpu: [ia32]
    os: [win32]

  '@esbuild/win32-x64@0.21.5':
    resolution: {integrity: sha512-tQd/1efJuzPC6rCFwEvLtci/xNFcTZknmXs98FYDfGE4wP9ClFV98nyKrzJKVPMhdDnjzLhdUyMX4PsQAPjwIw==}
    engines: {node: '>=12'}
    cpu: [x64]
    os: [win32]

  '@fontsource/roboto@5.1.0':
    resolution: {integrity: sha512-cFRRC1s6RqPygeZ8Uw/acwVHqih8Czjt6Q0MwoUoDe9U3m4dH1HmNDRBZyqlMSFwgNAUKgFImncKdmDHyKpwdg==}

  '@jridgewell/sourcemap-codec@1.5.0':
    resolution: {integrity: sha512-gv3ZRaISU3fjPAgNsriBRqGWQL6quFx04YMPW/zD8XMLsU32mhCCbfbO6KZFLjvYpCZ8zyDEgqsgf+PwPaM7GQ==}

  '@mdi/font@7.4.47':
    resolution: {integrity: sha512-43MtGpd585SNzHZPcYowu/84Vz2a2g31TvPMTm9uTiCSWzaheQySUcSyUH/46fPnuPQWof2yd0pGBtzee/IQWw==}

  '@preact/signals-core@1.8.0':
    resolution: {integrity: sha512-OBvUsRZqNmjzCZXWLxkZfhcgT+Fk8DDcT/8vD6a1xhDemodyy87UJRJfASMuSD8FaAIeGgGm85ydXhm7lr4fyA==}

  '@preact/signals@1.3.0':
    resolution: {integrity: sha512-EOMeg42SlLS72dhoq6Vjq08havnLseWmPQ8A0YsgIAqMgWgx7V1a39+Pxo6i7SY5NwJtH4849JogFq3M67AzWg==}
    peerDependencies:
      preact: 10.x

  '@rollup/rollup-android-arm-eabi@4.24.0':
    resolution: {integrity: sha512-Q6HJd7Y6xdB48x8ZNVDOqsbh2uByBhgK8PiQgPhwkIw/HC/YX5Ghq2mQY5sRMZWHb3VsFkWooUVOZHKr7DmDIA==}
    cpu: [arm]
    os: [android]

  '@rollup/rollup-android-arm64@4.24.0':
    resolution: {integrity: sha512-ijLnS1qFId8xhKjT81uBHuuJp2lU4x2yxa4ctFPtG+MqEE6+C5f/+X/bStmxapgmwLwiL3ih122xv8kVARNAZA==}
    cpu: [arm64]
    os: [android]

  '@rollup/rollup-darwin-arm64@4.24.0':
    resolution: {integrity: sha512-bIv+X9xeSs1XCk6DVvkO+S/z8/2AMt/2lMqdQbMrmVpgFvXlmde9mLcbQpztXm1tajC3raFDqegsH18HQPMYtA==}
    cpu: [arm64]
    os: [darwin]

  '@rollup/rollup-darwin-x64@4.24.0':
    resolution: {integrity: sha512-X6/nOwoFN7RT2svEQWUsW/5C/fYMBe4fnLK9DQk4SX4mgVBiTA9h64kjUYPvGQ0F/9xwJ5U5UfTbl6BEjaQdBQ==}
    cpu: [x64]
    os: [darwin]

  '@rollup/rollup-linux-arm-gnueabihf@4.24.0':
    resolution: {integrity: sha512-0KXvIJQMOImLCVCz9uvvdPgfyWo93aHHp8ui3FrtOP57svqrF/roSSR5pjqL2hcMp0ljeGlU4q9o/rQaAQ3AYA==}
    cpu: [arm]
    os: [linux]

  '@rollup/rollup-linux-arm-musleabihf@4.24.0':
    resolution: {integrity: sha512-it2BW6kKFVh8xk/BnHfakEeoLPv8STIISekpoF+nBgWM4d55CZKc7T4Dx1pEbTnYm/xEKMgy1MNtYuoA8RFIWw==}
    cpu: [arm]
    os: [linux]

  '@rollup/rollup-linux-arm64-gnu@4.24.0':
    resolution: {integrity: sha512-i0xTLXjqap2eRfulFVlSnM5dEbTVque/3Pi4g2y7cxrs7+a9De42z4XxKLYJ7+OhE3IgxvfQM7vQc43bwTgPwA==}
    cpu: [arm64]
    os: [linux]

  '@rollup/rollup-linux-arm64-musl@4.24.0':
    resolution: {integrity: sha512-9E6MKUJhDuDh604Qco5yP/3qn3y7SLXYuiC0Rpr89aMScS2UAmK1wHP2b7KAa1nSjWJc/f/Lc0Wl1L47qjiyQw==}
    cpu: [arm64]
    os: [linux]

  '@rollup/rollup-linux-powerpc64le-gnu@4.24.0':
    resolution: {integrity: sha512-2XFFPJ2XMEiF5Zi2EBf4h73oR1V/lycirxZxHZNc93SqDN/IWhYYSYj8I9381ikUFXZrz2v7r2tOVk2NBwxrWw==}
    cpu: [ppc64]
    os: [linux]

  '@rollup/rollup-linux-riscv64-gnu@4.24.0':
    resolution: {integrity: sha512-M3Dg4hlwuntUCdzU7KjYqbbd+BLq3JMAOhCKdBE3TcMGMZbKkDdJ5ivNdehOssMCIokNHFOsv7DO4rlEOfyKpg==}
    cpu: [riscv64]
    os: [linux]

  '@rollup/rollup-linux-s390x-gnu@4.24.0':
    resolution: {integrity: sha512-mjBaoo4ocxJppTorZVKWFpy1bfFj9FeCMJqzlMQGjpNPY9JwQi7OuS1axzNIk0nMX6jSgy6ZURDZ2w0QW6D56g==}
    cpu: [s390x]
    os: [linux]

  '@rollup/rollup-linux-x64-gnu@4.24.0':
    resolution: {integrity: sha512-ZXFk7M72R0YYFN5q13niV0B7G8/5dcQ9JDp8keJSfr3GoZeXEoMHP/HlvqROA3OMbMdfr19IjCeNAnPUG93b6A==}
    cpu: [x64]
    os: [linux]

  '@rollup/rollup-linux-x64-musl@4.24.0':
    resolution: {integrity: sha512-w1i+L7kAXZNdYl+vFvzSZy8Y1arS7vMgIy8wusXJzRrPyof5LAb02KGr1PD2EkRcl73kHulIID0M501lN+vobQ==}
    cpu: [x64]
    os: [linux]

  '@rollup/rollup-win32-arm64-msvc@4.24.0':
    resolution: {integrity: sha512-VXBrnPWgBpVDCVY6XF3LEW0pOU51KbaHhccHw6AS6vBWIC60eqsH19DAeeObl+g8nKAz04QFdl/Cefta0xQtUQ==}
    cpu: [arm64]
    os: [win32]

  '@rollup/rollup-win32-ia32-msvc@4.24.0':
    resolution: {integrity: sha512-xrNcGDU0OxVcPTH/8n/ShH4UevZxKIO6HJFK0e15XItZP2UcaiLFd5kiX7hJnqCbSztUF8Qot+JWBC/QXRPYWQ==}
    cpu: [ia32]
    os: [win32]

  '@rollup/rollup-win32-x64-msvc@4.24.0':
    resolution: {integrity: sha512-fbMkAF7fufku0N2dE5TBXcNlg0pt0cJue4xBRE2Qc5Vqikxr4VCgKj/ht6SMdFcOacVA9rqF70APJ8RN/4vMJw==}
    cpu: [x64]
    os: [win32]

  '@schedule-x/calendar-controls@2.4.0':
    resolution: {integrity: sha512-FCTpVa1XYyn1QMcg/TiMasYQVoGPY6J2+pdxhnuWySOp+W1QyZAfmMR9Hm2I63MDMnzirabKwuIeCwLfoclz+Q==}

  '@schedule-x/calendar@2.4.0':
    resolution: {integrity: sha512-GBMrpwf2Bi619NNAvp4GNm+v83SANh10Ux++0fDhLfioHmsDj54NFfNPXoD+6DBHHfA6qiYaQLI+NNFDbbQlfA==}
    peerDependencies:
      '@preact/signals': ^1.1.5
      preact: ^10.19.2

  '@schedule-x/current-time@2.4.0':
    resolution: {integrity: sha512-b06U7mfW1F5q9csUkLyZA0pjN2lfQCGGWJ1hrh/H3wm8IHmPld94hU/ZvOi+6IDFZCSPkUIMMeycFXHwXF+uMA==}

  '@schedule-x/date-picker@2.4.0':
    resolution: {integrity: sha512-XlE6O6lI0Sw3YRKYueCDAnCoaLBdfm8sS0bX84M3bmUJeOGA0XEa64H+Mq16VNhIwmSfESQqVS+vZ2OkjXEiYQ==}
    peerDependencies:
      '@preact/signals': ^1.1.5
      preact: ^10.19.2

  '@schedule-x/event-modal@2.4.0':
    resolution: {integrity: sha512-h8DqkAosAtOZkY5SImEuBOcRST227dJ0+1ZScP0bKXe+ZTBwCNE6EItPOtS7Ve1OYs1+vmHRSOnxG0HLMte7eg==}
    peerDependencies:
      '@preact/signals': ^1.1.5
      preact: ^10.19.2

  '@schedule-x/events-service@2.4.0':
    resolution: {integrity: sha512-ihDGwTgFyFGYShN8VtecKEmN8WYlTmhru96QgNgwopHIjS30C8vFiBiIutGsOOz3u+yK4oP7Z06WFwAF7LkgnQ==}

  '@schedule-x/theme-default@2.4.0':
    resolution: {integrity: sha512-grXX+ofzc3vjVdKVJJY8pebra/+C96cEboIeog7GG9MVq2ysKEBMc22OIoZPVvQYgqATIDssaNBbsQ+cBkuQAw==}

  '@schedule-x/vue@2.3.0':
    resolution: {integrity: sha512-7X/4FE0XR4i7E5muPsINkKnNLIBJeaSVBhF67xZM4ewekinFyYyl5HuMF8S1qoR981z/ya0eCmEZ7opJ3zFhfA==}
    peerDependencies:
      '@schedule-x/calendar': 2.4.0
      '@schedule-x/date-picker': 2.4.0
      vue: ^3

  '@tanstack/match-sorter-utils@8.19.4':
    resolution: {integrity: sha512-Wo1iKt2b9OT7d+YGhvEPD3DXvPv2etTusIMhMUoG7fbhmxcXCtIjJDEygy91Y2JFlwGyjqiBPRozme7UD8hoqg==}
    engines: {node: '>=12'}

  '@tanstack/query-core@5.59.0':
    resolution: {integrity: sha512-WGD8uIhX6/deH/tkZqPNcRyAhDUqs729bWKoByYHSogcshXfFbppOdTER5+qY7mFvu8KEFJwT0nxr8RfPTVh0Q==}

  '@tanstack/vue-query@5.59.1':
    resolution: {integrity: sha512-ZxEwI9oVQs+/mdIGOQb0l6QKUe/E08b0bPSC6X7oIE5s2O8VItNXY8F/uiUUtIv41q478gUjpGnf0QYs4WY3Ng==}
    peerDependencies:
      '@vue/composition-api': ^1.1.2
      vue: ^2.6.0 || ^3.3.0
    peerDependenciesMeta:
      '@vue/composition-api':
        optional: true

  '@types/estree@1.0.6':
    resolution: {integrity: sha512-AYnb1nQyY49te+VRAVgmzfcgjYS91mY5P0TKUDCLEM+gNnA+3T6rWITXRLYCpahpqSQbN5cE+gHpnPyXjHWxcw==}

  '@types/node@22.7.4':
    resolution: {integrity: sha512-y+NPi1rFzDs1NdQHHToqeiX2TIS79SWEAw9GYhkkx8bD0ChpfqC+n2j5OXOCpzfojBEBt6DnEnnG9MY0zk1XLg==}

  '@types/web-bluetooth@0.0.20':
    resolution: {integrity: sha512-g9gZnnXVq7gM7v3tJCWV/qw7w+KeOlSHAhgF9RytFyifW6AF61hdT2ucrYhPq9hLs5JIryeupHV3qGk95dH9ow==}

  '@vitejs/plugin-vue@5.1.4':
    resolution: {integrity: sha512-N2XSI2n3sQqp5w7Y/AN/L2XDjBIRGqXko+eDp42sydYSBeJuSm5a1sLf8zakmo8u7tA8NmBgoDLA1HeOESjp9A==}
    engines: {node: ^18.0.0 || >=20.0.0}
    peerDependencies:
      vite: ^5.0.0
      vue: ^3.2.25

  '@volar/language-core@2.4.1':
    resolution: {integrity: sha512-9AKhC7Qn2mQYxj7Dz3bVxeOk7gGJladhWixUYKef/o0o7Bm4an+A3XvmcTHVqZ8stE6lBVH++g050tBtJ4TZPQ==}

  '@volar/source-map@2.4.1':
    resolution: {integrity: sha512-Xq6ep3OZg9xUqN90jEgB9ztX5SsTz1yiV8wiQbcYNjWkek+Ie3dc8l7AVt3EhDm9mSIR58oWczHkzM2H6HIsmQ==}

  '@volar/typescript@2.4.1':
    resolution: {integrity: sha512-UoRzC0PXcwajFQTu8XxKSYNsWNBtVja6Y9gC8eLv7kYm+UEKJCcZ8g7dialsOYA0HKs3Vpg57MeCsawFLC6m9Q==}

  '@vue/compiler-core@3.4.38':
    resolution: {integrity: sha512-8IQOTCWnLFqfHzOGm9+P8OPSEDukgg3Huc92qSG49if/xI2SAwLHQO2qaPQbjCWPBcQoO1WYfXfTACUrWV3c5A==}

  '@vue/compiler-core@3.5.11':
    resolution: {integrity: sha512-PwAdxs7/9Hc3ieBO12tXzmTD+Ln4qhT/56S+8DvrrZ4kLDn4Z/AMUr8tXJD0axiJBS0RKIoNaR0yMuQB9v9Udg==}

  '@vue/compiler-dom@3.4.38':
    resolution: {integrity: sha512-Osc/c7ABsHXTsETLgykcOwIxFktHfGSUDkb05V61rocEfsFDcjDLH/IHJSNJP+/Sv9KeN2Lx1V6McZzlSb9EhQ==}

  '@vue/compiler-dom@3.5.11':
    resolution: {integrity: sha512-pyGf8zdbDDRkBrEzf8p7BQlMKNNF5Fk/Cf/fQ6PiUz9at4OaUfyXW0dGJTo2Vl1f5U9jSLCNf0EZJEogLXoeew==}

  '@vue/compiler-sfc@3.5.11':
    resolution: {integrity: sha512-gsbBtT4N9ANXXepprle+X9YLg2htQk1sqH/qGJ/EApl+dgpUBdTv3yP7YlR535uHZY3n6XaR0/bKo0BgwwDniw==}

  '@vue/compiler-ssr@3.5.11':
    resolution: {integrity: sha512-P4+GPjOuC2aFTk1Z4WANvEhyOykcvEd5bIj2KVNGKGfM745LaXGr++5njpdBTzVz5pZifdlR1kpYSJJpIlSePA==}

  '@vue/compiler-vue2@2.7.16':
    resolution: {integrity: sha512-qYC3Psj9S/mfu9uVi5WvNZIzq+xnXMhOwbTFKKDD7b1lhpnn71jXSFdTQ+WsIEk0ONCd7VV2IMm7ONl6tbQ86A==}

  '@vue/devtools-api@6.6.3':
    resolution: {integrity: sha512-0MiMsFma/HqA6g3KLKn+AGpL1kgKhFWszC9U29NfpWK5LE7bjeXxySWJrOJ77hBz+TBrBQ7o4QJqbPbqbs8rJw==}

  '@vue/devtools-api@6.6.4':
    resolution: {integrity: sha512-sGhTPMuXqZ1rVOk32RylztWkfXTRhuS7vgAKv0zjqk8gbsHkJ7xfFf+jbySxt7tWObEJwyKaHMikV/WGDiQm8g==}

  '@vue/language-core@2.1.6':
    resolution: {integrity: sha512-MW569cSky9R/ooKMh6xa2g1D0AtRKbL56k83dzus/bx//RDJk24RHWkMzbAlXjMdDNyxAaagKPRquBIxkxlCkg==}
    peerDependencies:
      typescript: '*'
    peerDependenciesMeta:
      typescript:
        optional: true

  '@vue/reactivity@3.5.11':
    resolution: {integrity: sha512-Nqo5VZEn8MJWlCce8XoyVqHZbd5P2NH+yuAaFzuNSR96I+y1cnuUiq7xfSG+kyvLSiWmaHTKP1r3OZY4mMD50w==}

  '@vue/runtime-core@3.5.11':
    resolution: {integrity: sha512-7PsxFGqwfDhfhh0OcDWBG1DaIQIVOLgkwA5q6MtkPiDFjp5gohVnJEahSktwSFLq7R5PtxDKy6WKURVN1UDbzA==}

  '@vue/runtime-dom@3.5.11':
    resolution: {integrity: sha512-GNghjecT6IrGf0UhuYmpgaOlN7kxzQBhxWEn08c/SQDxv1yy4IXI1bn81JgEpQ4IXjRxWtPyI8x0/7TF5rPfYQ==}

  '@vue/server-renderer@3.5.11':
    resolution: {integrity: sha512-cVOwYBxR7Wb1B1FoxYvtjJD8X/9E5nlH4VSkJy2uMA1MzYNdzAAB//l8nrmN9py/4aP+3NjWukf9PZ3TeWULaA==}
    peerDependencies:
      vue: 3.5.11

  '@vue/shared@3.4.38':
    resolution: {integrity: sha512-q0xCiLkuWWQLzVrecPb0RMsNWyxICOjPrcrwxTUEHb1fsnvni4dcuyG7RT/Ie7VPTvnjzIaWzRMUBsrqNj/hhw==}

  '@vue/shared@3.5.11':
    resolution: {integrity: sha512-W8GgysJVnFo81FthhzurdRAWP/byq3q2qIw70e0JWblzVhjgOMiC2GyovXrZTFQJnFVryYaKGP3Tc9vYzYm6PQ==}

  '@vuetify/loader-shared@2.0.3':
    resolution: {integrity: sha512-Ss3GC7eJYkp2SF6xVzsT7FAruEmdihmn4OCk2+UocREerlXKWgOKKzTN5PN3ZVN5q05jHHrsNhTuWbhN61Bpdg==}
    peerDependencies:
      vue: ^3.0.0
      vuetify: ^3.0.0

  '@vueuse/core@11.1.0':
    resolution: {integrity: sha512-P6dk79QYA6sKQnghrUz/1tHi0n9mrb/iO1WTMk/ElLmTyNqgDeSZ3wcDf6fRBGzRJbeG1dxzEOvLENMjr+E3fg==}

  '@vueuse/metadata@11.1.0':
    resolution: {integrity: sha512-l9Q502TBTaPYGanl1G+hPgd3QX5s4CGnpXriVBR5fEZ/goI6fvDaVmIl3Td8oKFurOxTmbXvBPSsgrd6eu6HYg==}

  '@vueuse/shared@11.1.0':
    resolution: {integrity: sha512-YUtIpY122q7osj+zsNMFAfMTubGz0sn5QzE5gPzAIiCmtt2ha3uQUY1+JPyL4gRCTsLPX82Y9brNbo/aqlA91w==}

  balanced-match@1.0.2:
    resolution: {integrity: sha512-3oSeUO0TMV67hN1AmbXsK4yaqU7tjiHlbxRDZOpH0KW9+CeX4bRAaX0Anxt0tx2MrpRpWwQaPwIlISEJhYU5Pw==}

  brace-expansion@2.0.1:
    resolution: {integrity: sha512-XnAIvQ8eM+kC6aULx6wuQiwVsnzsi9d3WxzV3FpWTGA19F621kwdbsAcFKXgKUHZWsy+mY6iL1sHTxWEFCytDA==}

  chokidar@4.0.1:
    resolution: {integrity: sha512-n8enUVCED/KVRQlab1hr3MVpcVMvxtZjmEa956u+4YijlmQED223XMSYj2tLuKvr4jcCTzNNMpQDUer72MMmzA==}
    engines: {node: '>= 14.16.0'}

  computeds@0.0.1:
    resolution: {integrity: sha512-7CEBgcMjVmitjYo5q8JTJVra6X5mQ20uTThdK+0kR7UEaDrAWEQcRiBtWJzga4eRpP6afNwwLsX2SET2JhVB1Q==}

  csstype@3.1.3:
    resolution: {integrity: sha512-M1uQkMl8rQK/szD0LNhtqxIPLpimGm8sOBwU7lLnCpSbTyY3yeU1Vc7l4KT5zT4s/yOxHH5O7tIuuLOCnLADRw==}

  de-indent@1.0.2:
    resolution: {integrity: sha512-e/1zu3xH5MQryN2zdVaF0OrdNLUbvWxzMbi+iNA6Bky7l1RoP8a2fIbRocyHclXt/arDrrR6lL3TqFD9pMQTsg==}

  debug@4.3.6:
    resolution: {integrity: sha512-O/09Bd4Z1fBrU4VzkhFqVgpPzaGbw6Sm9FEkBT1A/YBXQFGuuSxa1dN2nxgxS34JmKXqYx8CZAwEVoJFImUXIg==}
    engines: {node: '>=6.0'}
    peerDependencies:
      supports-color: '*'
    peerDependenciesMeta:
      supports-color:
        optional: true

  entities@4.5.0:
    resolution: {integrity: sha512-V0hjH4dGPh9Ao5p0MoRY6BVqtwCjhz6vI5LT8AJ55H+4g9/4vbHx1I54fS0XuclLhDHArPQCiMjDxjaL8fPxhw==}
    engines: {node: '>=0.12'}

  esbuild@0.21.5:
    resolution: {integrity: sha512-mg3OPMV4hXywwpoDxu3Qda5xCKQi+vCTZq8S9J/EpkhB2HzKXq4SNFZE3+NK93JYxc8VMSep+lOUSC/RVKaBqw==}
    engines: {node: '>=12'}
    hasBin: true

  estree-walker@2.0.2:
    resolution: {integrity: sha512-Rfkk/Mp/DL7JVje3u18FxFujQlTNR2q6QfMSMB7AvCBx91NGj/ba3kCfza0f6dVDbw7YlRf/nDrn7pQrCCyQ/w==}

  fsevents@2.3.3:
    resolution: {integrity: sha512-5xoDfX+fL7faATnagmWPpbFtwh/R77WmMMqqHGS65C3vvB0YHrgF+B1YmZ3441tMj5n63k0212XNoJwzlhffQw==}
    engines: {node: ^8.16.0 || ^10.6.0 || >=11.0.0}
    os: [darwin]

  he@1.2.0:
    resolution: {integrity: sha512-F/1DnUGPopORZi0ni+CvrCgHQ5FyEAHRLSApuYWMmrbSwoN2Mn/7k+Gl38gJnR7yyDZk6WLXwiGod1JOWNDKGw==}
    hasBin: true

  immutable@4.3.7:
    resolution: {integrity: sha512-1hqclzwYwjRDFLjcFxOM5AYkkG0rpFPpr1RLPMEuGczoS7YA8gLhy8SWXYRAA/XwfEHpfo3cw5JGioS32fnMRw==}

  magic-string@0.30.11:
    resolution: {integrity: sha512-+Wri9p0QHMy+545hKww7YAu5NyzF8iomPL/RQazugQ9+Ez4Ic3mERMd8ZTX5rfK944j+560ZJi8iAwgak1Ac7A==}

  minimatch@9.0.5:
    resolution: {integrity: sha512-G6T0ZX48xgozx7587koeX9Ys2NYy6Gmv//P89sEte9V9whIapMNF4idKxnW2QtCcLiTWlb/wfCabAtAFWhhBow==}
    engines: {node: '>=16 || 14 >=14.17'}

  ms@2.1.2:
    resolution: {integrity: sha512-sGkPx+VjMtmA6MX27oA4FBFELFCZZ4S4XqeGOXCv68tT+jb3vk/RyaKWP0PTKyWtmLSM0b+adUTEvbs1PEaH2w==}

  muggle-string@0.4.1:
    resolution: {integrity: sha512-VNTrAak/KhO2i8dqqnqnAHOa3cYBwXEZe9h+D5h/1ZqFSTEFHdM65lR7RoIqq3tBBYavsOXV84NoHXZ0AkPyqQ==}

  nanoid@3.3.7:
    resolution: {integrity: sha512-eSRppjcPIatRIMC1U6UngP8XFcz8MQWGQdt1MTBQ7NaAmvXDfvNxbvWV3x2y6CdEUciCSsDHDQZbhYaB8QEo2g==}
    engines: {node: ^10 || ^12 || ^13.7 || ^14 || >=15.0.1}
    hasBin: true

  path-browserify@1.0.1:
    resolution: {integrity: sha512-b7uo2UCUOYZcnF/3ID0lulOJi/bafxa1xPe7ZPsammBSpjSWQkjNxlt635YGS2MiR9GjvuXCtz2emr3jbsz98g==}

  picocolors@1.0.1:
    resolution: {integrity: sha512-anP1Z8qwhkbmu7MFP5iTt+wQKXgwzf7zTyGlcdzabySa9vd0Xt392U0rVmz9poOaBj0uHJKyyo9/upk0HrEQew==}

  picocolors@1.1.0:
    resolution: {integrity: sha512-TQ92mBOW0l3LeMeyLV6mzy/kWr8lkd/hp3mTg7wYK7zJhuBStmGMBG0BdeDZS/dZx1IukaX6Bk11zcln25o1Aw==}

  pinia@2.2.4:
    resolution: {integrity: sha512-K7ZhpMY9iJ9ShTC0cR2+PnxdQRuwVIsXDO/WIEV/RnMC/vmSoKDTKW/exNQYPI+4ij10UjXqdNiEHwn47McANQ==}
    peerDependencies:
      '@vue/composition-api': ^1.4.0
      typescript: '>=4.4.4'
      vue: ^2.6.14 || ^3.3.0
    peerDependenciesMeta:
      '@vue/composition-api':
        optional: true
      typescript:
        optional: true

  postcss@8.4.45:
    resolution: {integrity: sha512-7KTLTdzdZZYscUc65XmjFiB73vBhBfbPztCYdUNvlaso9PrzjzcmjqBPR0lNGkcVlcO4BjiO5rK/qNz+XAen1Q==}
    engines: {node: ^10 || ^12 || >=14}

  postcss@8.4.47:
    resolution: {integrity: sha512-56rxCq7G/XfB4EkXq9Egn5GCqugWvDFjafDOThIdMBsI15iqPqR5r15TfSr1YPYeEI19YeaXMCbY6u88Y76GLQ==}
    engines: {node: ^10 || ^12 || >=14}

  preact@10.24.2:
    resolution: {integrity: sha512-1cSoF0aCC8uaARATfrlz4VCBqE8LwZwRfLgkxJOQwAlQt6ayTmi0D9OF7nXid1POI5SZidFuG9CnlXbDfLqY/Q==}

  readdirp@4.0.2:
    resolution: {integrity: sha512-yDMz9g+VaZkqBYS/ozoBJwaBhTbZo3UNYQHNRw1D3UFQB8oHB4uS/tAODO+ZLjGWmUbKnIlOWO+aaIiAxrUWHA==}
    engines: {node: '>= 14.16.0'}

  remove-accents@0.5.0:
    resolution: {integrity: sha512-8g3/Otx1eJaVD12e31UbJj1YzdtVvzH85HV7t+9MJYk/u3XmkOUJ5Ys9wQrf9PCPK8+xn4ymzqYCiZl6QWKn+A==}

  rollup@4.24.0:
    resolution: {integrity: sha512-DOmrlGSXNk1DM0ljiQA+i+o0rSLhtii1je5wgk60j49d1jHT5YYttBv1iWOnYSTG+fZZESUOSNiAl89SIet+Cg==}
    engines: {node: '>=18.0.0', npm: '>=8.0.0'}
    hasBin: true

  sass@1.79.4:
    resolution: {integrity: sha512-K0QDSNPXgyqO4GZq2HO5Q70TLxTH6cIT59RdoCHMivrC8rqzaTw5ab9prjz9KUN1El4FLXrBXJhik61JR4HcGg==}
    engines: {node: '>=14.0.0'}
    hasBin: true

  semver@7.6.3:
    resolution: {integrity: sha512-oVekP1cKtI+CTDvHWYFUcMtsK/00wmAEfyqKfNdARm8u1wNVhSgaX7A8d4UuIlUI5e84iEwOhs7ZPYRmzU9U6A==}
    engines: {node: '>=10'}
    hasBin: true

  source-map-js@1.2.0:
    resolution: {integrity: sha512-itJW8lvSA0TXEphiRoawsCksnlf8SyvmFzIhltqAHluXd88pkCd+cXJVHTDwdCr0IzwptSm035IHQktUu1QUMg==}
    engines: {node: '>=0.10.0'}

  source-map-js@1.2.1:
    resolution: {integrity: sha512-UXWMKhLOwVKb728IUtQPXxfYU+usdybtUrK/8uGE8CQMvrhOpwvzDBwj0QhSL7MQc7vIsISBG8VQ8+IDQxpfQA==}
    engines: {node: '>=0.10.0'}

  to-fast-properties@2.0.0:
    resolution: {integrity: sha512-/OaKK0xYrs3DmxRYqL/yDc+FxFUVYhDlXMhRmv3z915w2HF1tnN1omB354j8VUGO/hbRzyD6Y3sA7v7GS/ceog==}
    engines: {node: '>=4'}

  typescript@5.6.2:
    resolution: {integrity: sha512-NW8ByodCSNCwZeghjN3o+JX5OFH0Ojg6sadjEKY4huZ52TqbJTJnDo5+Tw98lSy63NZvi4n+ez5m2u5d4PkZyw==}
    engines: {node: '>=14.17'}
    hasBin: true

  undici-types@6.19.8:
    resolution: {integrity: sha512-ve2KP6f/JnbPBFyobGHuerC9g1FYGn/F8n1LWTwNxCEzd6IfqTwUQcNXgEtmmQ6DlRrC1hrSrBnCZPokRrDHjw==}

  upath@2.0.1:
    resolution: {integrity: sha512-1uEe95xksV1O0CYKXo8vQvN1JEbtJp7lb7C5U9HMsIp6IVwntkH/oNUzyVNQSd4S1sYk2FpSSW44FqMc8qee5w==}
    engines: {node: '>=4'}

  vite-plugin-vuetify@2.0.4:
    resolution: {integrity: sha512-A4cliYUoP/u4AWSRVRvAPKgpgR987Pss7LpFa7s1GvOe8WjgDq92Rt3eVXrvgxGCWvZsPKziVqfHHdCMqeDhfw==}
    engines: {node: ^18.0.0 || >=20.0.0}
    peerDependencies:
      vite: '>=5'
      vue: ^3.0.0
      vuetify: ^3.0.0

  vite@5.4.8:
    resolution: {integrity: sha512-FqrItQ4DT1NC4zCUqMB4c4AZORMKIa0m8/URVCZ77OZ/QSNeJ54bU1vrFADbDsuwfIPcgknRkmqakQcgnL4GiQ==}
    engines: {node: ^18.0.0 || >=20.0.0}
    hasBin: true
    peerDependencies:
      '@types/node': ^18.0.0 || >=20.0.0
      less: '*'
      lightningcss: ^1.21.0
      sass: '*'
      sass-embedded: '*'
      stylus: '*'
      sugarss: '*'
      terser: ^5.4.0
    peerDependenciesMeta:
      '@types/node':
        optional: true
      less:
        optional: true
      lightningcss:
        optional: true
      sass:
        optional: true
      sass-embedded:
        optional: true
      stylus:
        optional: true
      sugarss:
        optional: true
      terser:
        optional: true

  vscode-uri@3.0.8:
    resolution: {integrity: sha512-AyFQ0EVmsOZOlAnxoFOGOq1SQDWAB7C6aqMGS23svWAllfOaxbuFvcT8D1i8z3Gyn8fraVeZNNmN6e9bxxXkKw==}

  vue-demi@0.14.10:
    resolution: {integrity: sha512-nMZBOwuzabUO0nLgIcc6rycZEebF6eeUfaiQx9+WSk8e29IbLvPU9feI6tqW4kTo3hvoYAJkMh8n8D0fuISphg==}
    engines: {node: '>=12'}
    hasBin: true
    peerDependencies:
      '@vue/composition-api': ^1.0.0-rc.1
      vue: ^3.0.0-0 || ^2.6.0
    peerDependenciesMeta:
      '@vue/composition-api':
        optional: true

  vue-router@4.4.5:
    resolution: {integrity: sha512-4fKZygS8cH1yCyuabAXGUAsyi1b2/o/OKgu/RUb+znIYOxPRxdkytJEx+0wGcpBE1pX6vUgh5jwWOKRGvuA/7Q==}
    peerDependencies:
      vue: ^3.2.0

  vue-tsc@2.1.6:
    resolution: {integrity: sha512-f98dyZp5FOukcYmbFpuSCJ4Z0vHSOSmxGttZJCsFeX0M4w/Rsq0s4uKXjcSRsZqsRgQa6z7SfuO+y0HVICE57Q==}
    hasBin: true
    peerDependencies:
      typescript: '>=5.0.0'

  vue3-toastify@0.2.3:
    resolution: {integrity: sha512-Gsv/wWFYsAzhXFE+JCoL7KAUYvzl9AaGPykkDtT073RWiz1vqtdDFcHENU26ga0tbY42Q51yJr4en/ymQD0OGg==}
    engines: {node: '>=20', npm: '>=9.0.0'}
    peerDependencies:
      vue: '>=3.2.0'
    peerDependenciesMeta:
      vue:
        optional: true

  vue@3.5.11:
    resolution: {integrity: sha512-/8Wurrd9J3lb72FTQS7gRMNQD4nztTtKPmuDuPuhqXmmpD6+skVjAeahNpVzsuky6Sy9gy7wn8UadqPtt9SQIg==}
    peerDependencies:
      typescript: '*'
    peerDependenciesMeta:
      typescript:
        optional: true

  vuetify@3.7.2:
    resolution: {integrity: sha512-q0WTcRG977+a9Dqhb8TOaPm+Xmvj0oVhnBJhAdHWFSov3HhHTTxlH2nXP/GBTXZuuMHDbBeIWFuUR2/1Fx0PPw==}
    engines: {node: ^12.20 || >=14.13}
    peerDependencies:
      typescript: '>=4.7'
      vite-plugin-vuetify: '>=1.0.0'
      vue: ^3.3.0
      webpack-plugin-vuetify: '>=2.0.0'
    peerDependenciesMeta:
      typescript:
        optional: true
      vite-plugin-vuetify:
        optional: true
      webpack-plugin-vuetify:
        optional: true

snapshots:

  '@babel/helper-string-parser@7.24.8': {}

  '@babel/helper-validator-identifier@7.24.7': {}

  '@babel/parser@7.25.6':
    dependencies:
      '@babel/types': 7.25.6

  '@babel/types@7.25.6':
    dependencies:
      '@babel/helper-string-parser': 7.24.8
      '@babel/helper-validator-identifier': 7.24.7
      to-fast-properties: 2.0.0

  '@esbuild/aix-ppc64@0.21.5':
    optional: true

  '@esbuild/android-arm64@0.21.5':
    optional: true

  '@esbuild/android-arm@0.21.5':
    optional: true

  '@esbuild/android-x64@0.21.5':
    optional: true

  '@esbuild/darwin-arm64@0.21.5':
    optional: true

  '@esbuild/darwin-x64@0.21.5':
    optional: true

  '@esbuild/freebsd-arm64@0.21.5':
    optional: true

  '@esbuild/freebsd-x64@0.21.5':
    optional: true

  '@esbuild/linux-arm64@0.21.5':
    optional: true

  '@esbuild/linux-arm@0.21.5':
    optional: true

  '@esbuild/linux-ia32@0.21.5':
    optional: true

  '@esbuild/linux-loong64@0.21.5':
    optional: true

  '@esbuild/linux-mips64el@0.21.5':
    optional: true

  '@esbuild/linux-ppc64@0.21.5':
    optional: true

  '@esbuild/linux-riscv64@0.21.5':
    optional: true

  '@esbuild/linux-s390x@0.21.5':
    optional: true

  '@esbuild/linux-x64@0.21.5':
    optional: true

  '@esbuild/netbsd-x64@0.21.5':
    optional: true

  '@esbuild/openbsd-x64@0.21.5':
    optional: true

  '@esbuild/sunos-x64@0.21.5':
    optional: true

  '@esbuild/win32-arm64@0.21.5':
    optional: true

  '@esbuild/win32-ia32@0.21.5':
    optional: true

  '@esbuild/win32-x64@0.21.5':
    optional: true

  '@fontsource/roboto@5.1.0': {}

  '@jridgewell/sourcemap-codec@1.5.0': {}

  '@mdi/font@7.4.47': {}

  '@preact/signals-core@1.8.0': {}

  '@preact/signals@1.3.0(preact@10.24.2)':
    dependencies:
      '@preact/signals-core': 1.8.0
      preact: 10.24.2

  '@rollup/rollup-android-arm-eabi@4.24.0':
    optional: true

  '@rollup/rollup-android-arm64@4.24.0':
    optional: true

  '@rollup/rollup-darwin-arm64@4.24.0':
    optional: true

  '@rollup/rollup-darwin-x64@4.24.0':
    optional: true

  '@rollup/rollup-linux-arm-gnueabihf@4.24.0':
    optional: true

  '@rollup/rollup-linux-arm-musleabihf@4.24.0':
    optional: true

  '@rollup/rollup-linux-arm64-gnu@4.24.0':
    optional: true

  '@rollup/rollup-linux-arm64-musl@4.24.0':
    optional: true

  '@rollup/rollup-linux-powerpc64le-gnu@4.24.0':
    optional: true

  '@rollup/rollup-linux-riscv64-gnu@4.24.0':
    optional: true

  '@rollup/rollup-linux-s390x-gnu@4.24.0':
    optional: true

  '@rollup/rollup-linux-x64-gnu@4.24.0':
    optional: true

  '@rollup/rollup-linux-x64-musl@4.24.0':
    optional: true

  '@rollup/rollup-win32-arm64-msvc@4.24.0':
    optional: true

  '@rollup/rollup-win32-ia32-msvc@4.24.0':
    optional: true

  '@rollup/rollup-win32-x64-msvc@4.24.0':
    optional: true

  '@schedule-x/calendar-controls@2.4.0': {}

  '@schedule-x/calendar@2.4.0(@preact/signals@1.3.0(preact@10.24.2))(preact@10.24.2)':
    dependencies:
      '@preact/signals': 1.3.0(preact@10.24.2)
      preact: 10.24.2

  '@schedule-x/current-time@2.4.0': {}

  '@schedule-x/date-picker@2.4.0(@preact/signals@1.3.0(preact@10.24.2))(preact@10.24.2)':
    dependencies:
      '@preact/signals': 1.3.0(preact@10.24.2)
      preact: 10.24.2

  '@schedule-x/event-modal@2.4.0(@preact/signals@1.3.0(preact@10.24.2))(preact@10.24.2)':
    dependencies:
      '@preact/signals': 1.3.0(preact@10.24.2)
      preact: 10.24.2

  '@schedule-x/events-service@2.4.0': {}

  '@schedule-x/theme-default@2.4.0': {}

  '@schedule-x/vue@2.3.0(@schedule-x/calendar@2.4.0(@preact/signals@1.3.0(preact@10.24.2))(preact@10.24.2))(@schedule-x/date-picker@2.4.0(@preact/signals@1.3.0(preact@10.24.2))(preact@10.24.2))(vue@3.5.11(typescript@5.6.2))':
    dependencies:
      '@schedule-x/calendar': 2.4.0(@preact/signals@1.3.0(preact@10.24.2))(preact@10.24.2)
      '@schedule-x/date-picker': 2.4.0(@preact/signals@1.3.0(preact@10.24.2))(preact@10.24.2)
      vue: 3.5.11(typescript@5.6.2)

  '@tanstack/match-sorter-utils@8.19.4':
    dependencies:
      remove-accents: 0.5.0

  '@tanstack/query-core@5.59.0': {}

  '@tanstack/vue-query@5.59.1(vue@3.5.11(typescript@5.6.2))':
    dependencies:
      '@tanstack/match-sorter-utils': 8.19.4
      '@tanstack/query-core': 5.59.0
      '@vue/devtools-api': 6.6.4
      vue: 3.5.11(typescript@5.6.2)
      vue-demi: 0.14.10(vue@3.5.11(typescript@5.6.2))

  '@types/estree@1.0.6': {}

  '@types/node@22.7.4':
    dependencies:
      undici-types: 6.19.8

  '@types/web-bluetooth@0.0.20': {}

  '@vitejs/plugin-vue@5.1.4(vite@5.4.8(@types/node@22.7.4)(sass@1.79.4))(vue@3.5.11(typescript@5.6.2))':
    dependencies:
      vite: 5.4.8(@types/node@22.7.4)(sass@1.79.4)
      vue: 3.5.11(typescript@5.6.2)

  '@volar/language-core@2.4.1':
    dependencies:
      '@volar/source-map': 2.4.1

  '@volar/source-map@2.4.1': {}

  '@volar/typescript@2.4.1':
    dependencies:
      '@volar/language-core': 2.4.1
      path-browserify: 1.0.1
      vscode-uri: 3.0.8

  '@vue/compiler-core@3.4.38':
    dependencies:
      '@babel/parser': 7.25.6
      '@vue/shared': 3.4.38
      entities: 4.5.0
      estree-walker: 2.0.2
      source-map-js: 1.2.0

  '@vue/compiler-core@3.5.11':
    dependencies:
      '@babel/parser': 7.25.6
      '@vue/shared': 3.5.11
      entities: 4.5.0
      estree-walker: 2.0.2
      source-map-js: 1.2.0

  '@vue/compiler-dom@3.4.38':
    dependencies:
      '@vue/compiler-core': 3.4.38
      '@vue/shared': 3.4.38

  '@vue/compiler-dom@3.5.11':
    dependencies:
      '@vue/compiler-core': 3.5.11
      '@vue/shared': 3.5.11

  '@vue/compiler-sfc@3.5.11':
    dependencies:
      '@babel/parser': 7.25.6
      '@vue/compiler-core': 3.5.11
      '@vue/compiler-dom': 3.5.11
      '@vue/compiler-ssr': 3.5.11
      '@vue/shared': 3.5.11
      estree-walker: 2.0.2
      magic-string: 0.30.11
      postcss: 8.4.47
      source-map-js: 1.2.0

  '@vue/compiler-ssr@3.5.11':
    dependencies:
      '@vue/compiler-dom': 3.5.11
      '@vue/shared': 3.5.11

  '@vue/compiler-vue2@2.7.16':
    dependencies:
      de-indent: 1.0.2
      he: 1.2.0

  '@vue/devtools-api@6.6.3': {}

  '@vue/devtools-api@6.6.4': {}

  '@vue/language-core@2.1.6(typescript@5.6.2)':
    dependencies:
      '@volar/language-core': 2.4.1
      '@vue/compiler-dom': 3.4.38
      '@vue/compiler-vue2': 2.7.16
      '@vue/shared': 3.4.38
      computeds: 0.0.1
      minimatch: 9.0.5
      muggle-string: 0.4.1
      path-browserify: 1.0.1
    optionalDependencies:
      typescript: 5.6.2

  '@vue/reactivity@3.5.11':
    dependencies:
      '@vue/shared': 3.5.11

  '@vue/runtime-core@3.5.11':
    dependencies:
      '@vue/reactivity': 3.5.11
      '@vue/shared': 3.5.11

  '@vue/runtime-dom@3.5.11':
    dependencies:
      '@vue/reactivity': 3.5.11
      '@vue/runtime-core': 3.5.11
      '@vue/shared': 3.5.11
      csstype: 3.1.3

  '@vue/server-renderer@3.5.11(vue@3.5.11(typescript@5.6.2))':
    dependencies:
      '@vue/compiler-ssr': 3.5.11
      '@vue/shared': 3.5.11
      vue: 3.5.11(typescript@5.6.2)

  '@vue/shared@3.4.38': {}

  '@vue/shared@3.5.11': {}

  '@vuetify/loader-shared@2.0.3(vue@3.5.11(typescript@5.6.2))(vuetify@3.7.2)':
    dependencies:
      upath: 2.0.1
      vue: 3.5.11(typescript@5.6.2)
      vuetify: 3.7.2(typescript@5.6.2)(vite-plugin-vuetify@2.0.4)(vue@3.5.11(typescript@5.6.2))

  '@vueuse/core@11.1.0(vue@3.5.11(typescript@5.6.2))':
    dependencies:
      '@types/web-bluetooth': 0.0.20
      '@vueuse/metadata': 11.1.0
      '@vueuse/shared': 11.1.0(vue@3.5.11(typescript@5.6.2))
      vue-demi: 0.14.10(vue@3.5.11(typescript@5.6.2))
    transitivePeerDependencies:
      - '@vue/composition-api'
      - vue

  '@vueuse/metadata@11.1.0': {}

  '@vueuse/shared@11.1.0(vue@3.5.11(typescript@5.6.2))':
    dependencies:
      vue-demi: 0.14.10(vue@3.5.11(typescript@5.6.2))
    transitivePeerDependencies:
      - '@vue/composition-api'
      - vue

  balanced-match@1.0.2: {}

  brace-expansion@2.0.1:
    dependencies:
      balanced-match: 1.0.2

  chokidar@4.0.1:
    dependencies:
      readdirp: 4.0.2

  computeds@0.0.1: {}

  csstype@3.1.3: {}

  de-indent@1.0.2: {}

  debug@4.3.6:
    dependencies:
      ms: 2.1.2

  entities@4.5.0: {}

  esbuild@0.21.5:
    optionalDependencies:
      '@esbuild/aix-ppc64': 0.21.5
      '@esbuild/android-arm': 0.21.5
      '@esbuild/android-arm64': 0.21.5
      '@esbuild/android-x64': 0.21.5
      '@esbuild/darwin-arm64': 0.21.5
      '@esbuild/darwin-x64': 0.21.5
      '@esbuild/freebsd-arm64': 0.21.5
      '@esbuild/freebsd-x64': 0.21.5
      '@esbuild/linux-arm': 0.21.5
      '@esbuild/linux-arm64': 0.21.5
      '@esbuild/linux-ia32': 0.21.5
      '@esbuild/linux-loong64': 0.21.5
      '@esbuild/linux-mips64el': 0.21.5
      '@esbuild/linux-ppc64': 0.21.5
      '@esbuild/linux-riscv64': 0.21.5
      '@esbuild/linux-s390x': 0.21.5
      '@esbuild/linux-x64': 0.21.5
      '@esbuild/netbsd-x64': 0.21.5
      '@esbuild/openbsd-x64': 0.21.5
      '@esbuild/sunos-x64': 0.21.5
      '@esbuild/win32-arm64': 0.21.5
      '@esbuild/win32-ia32': 0.21.5
      '@esbuild/win32-x64': 0.21.5

  estree-walker@2.0.2: {}

  fsevents@2.3.3:
    optional: true

  he@1.2.0: {}

  immutable@4.3.7: {}

  magic-string@0.30.11:
    dependencies:
      '@jridgewell/sourcemap-codec': 1.5.0

  minimatch@9.0.5:
    dependencies:
      brace-expansion: 2.0.1

  ms@2.1.2: {}

  muggle-string@0.4.1: {}

  nanoid@3.3.7: {}

  path-browserify@1.0.1: {}

  picocolors@1.0.1: {}

  picocolors@1.1.0: {}

  pinia@2.2.4(typescript@5.6.2)(vue@3.5.11(typescript@5.6.2)):
    dependencies:
      '@vue/devtools-api': 6.6.3
      vue: 3.5.11(typescript@5.6.2)
      vue-demi: 0.14.10(vue@3.5.11(typescript@5.6.2))
    optionalDependencies:
      typescript: 5.6.2

  postcss@8.4.45:
    dependencies:
      nanoid: 3.3.7
      picocolors: 1.0.1
      source-map-js: 1.2.0

  postcss@8.4.47:
    dependencies:
      nanoid: 3.3.7
      picocolors: 1.1.0
      source-map-js: 1.2.1

  preact@10.24.2: {}

  readdirp@4.0.2: {}

  remove-accents@0.5.0: {}

  rollup@4.24.0:
    dependencies:
      '@types/estree': 1.0.6
    optionalDependencies:
      '@rollup/rollup-android-arm-eabi': 4.24.0
      '@rollup/rollup-android-arm64': 4.24.0
      '@rollup/rollup-darwin-arm64': 4.24.0
      '@rollup/rollup-darwin-x64': 4.24.0
      '@rollup/rollup-linux-arm-gnueabihf': 4.24.0
      '@rollup/rollup-linux-arm-musleabihf': 4.24.0
      '@rollup/rollup-linux-arm64-gnu': 4.24.0
      '@rollup/rollup-linux-arm64-musl': 4.24.0
      '@rollup/rollup-linux-powerpc64le-gnu': 4.24.0
      '@rollup/rollup-linux-riscv64-gnu': 4.24.0
      '@rollup/rollup-linux-s390x-gnu': 4.24.0
      '@rollup/rollup-linux-x64-gnu': 4.24.0
      '@rollup/rollup-linux-x64-musl': 4.24.0
      '@rollup/rollup-win32-arm64-msvc': 4.24.0
      '@rollup/rollup-win32-ia32-msvc': 4.24.0
      '@rollup/rollup-win32-x64-msvc': 4.24.0
      fsevents: 2.3.3

  sass@1.79.4:
    dependencies:
      chokidar: 4.0.1
      immutable: 4.3.7
      source-map-js: 1.2.0

  semver@7.6.3: {}

  source-map-js@1.2.0: {}

  source-map-js@1.2.1: {}

  to-fast-properties@2.0.0: {}

  typescript@5.6.2: {}

  undici-types@6.19.8: {}

  upath@2.0.1: {}

  vite-plugin-vuetify@2.0.4(vite@5.4.8(@types/node@22.7.4)(sass@1.79.4))(vue@3.5.11(typescript@5.6.2))(vuetify@3.7.2):
    dependencies:
      '@vuetify/loader-shared': 2.0.3(vue@3.5.11(typescript@5.6.2))(vuetify@3.7.2)
      debug: 4.3.6
      upath: 2.0.1
      vite: 5.4.8(@types/node@22.7.4)(sass@1.79.4)
      vue: 3.5.11(typescript@5.6.2)
      vuetify: 3.7.2(typescript@5.6.2)(vite-plugin-vuetify@2.0.4)(vue@3.5.11(typescript@5.6.2))
    transitivePeerDependencies:
      - supports-color

  vite@5.4.8(@types/node@22.7.4)(sass@1.79.4):
    dependencies:
      esbuild: 0.21.5
      postcss: 8.4.45
      rollup: 4.24.0
    optionalDependencies:
      '@types/node': 22.7.4
      fsevents: 2.3.3
      sass: 1.79.4

  vscode-uri@3.0.8: {}

  vue-demi@0.14.10(vue@3.5.11(typescript@5.6.2)):
    dependencies:
      vue: 3.5.11(typescript@5.6.2)

  vue-router@4.4.5(vue@3.5.11(typescript@5.6.2)):
    dependencies:
      '@vue/devtools-api': 6.6.4
      vue: 3.5.11(typescript@5.6.2)

  vue-tsc@2.1.6(typescript@5.6.2):
    dependencies:
      '@volar/typescript': 2.4.1
      '@vue/language-core': 2.1.6(typescript@5.6.2)
      semver: 7.6.3
      typescript: 5.6.2

  vue3-toastify@0.2.3(vue@3.5.11(typescript@5.6.2)):
    optionalDependencies:
      vue: 3.5.11(typescript@5.6.2)

  vue@3.5.11(typescript@5.6.2):
    dependencies:
      '@vue/compiler-dom': 3.5.11
      '@vue/compiler-sfc': 3.5.11
      '@vue/runtime-dom': 3.5.11
      '@vue/server-renderer': 3.5.11(vue@3.5.11(typescript@5.6.2))
      '@vue/shared': 3.5.11
    optionalDependencies:
      typescript: 5.6.2

  vuetify@3.7.2(typescript@5.6.2)(vite-plugin-vuetify@2.0.4)(vue@3.5.11(typescript@5.6.2)):
    dependencies:
      vue: 3.5.11(typescript@5.6.2)
    optionalDependencies:
      typescript: 5.6.2
      vite-plugin-vuetify: 2.0.4(vite@5.4.8(@types/node@22.7.4)(sass@1.79.4))(vue@3.5.11(typescript@5.6.2))(vuetify@3.7.2)
